Microsoft Visual Studio Solution File, Format Version 12.00
# Visual Studio 2012
Project("{AEFDDAEB-0877-99BF-30E5-FE80035BB3DC}") = "LifelineUnity", "Assembly-CSharp-firstpass.csproj", "{D3D11AFF-932E-4DB6-383F-3B031145B50B}"
EndProject
Project("{AEFDDAEB-0877-99BF-30E5-FE80035BB3DC}") = "LifelineUnity", "Assembly-CSharp.csproj", "{CFE24522-E69F-A9F5-BE5F-0C52A0F4A6EB}"
EndProject
Project("{AEFDDAEB-0877-99BF-30E5-FE80035BB3DC}") = "LifelineUnity", "Assembly-CSharp-Editor-firstpass.csproj", "{B982DCF3-69E2-3388-93EB-50B76A99ACDA}"
EndProject
Global
	GlobalSection(SolutionConfigurationPlatforms) = preSolution
		Debug|Any CPU = Debug|Any CPU
		Release|Any CPU = Release|Any CPU
	EndGlobalSection
	GlobalSection(ProjectConfigurationPlatforms) = postSolution
		{D3D11AFF-932E-4DB6-383F-3B031145B50B}.Debug|Any CPU.ActiveCfg = Debug|Any CPU
		{D3D11AFF-932E-4DB6-383F-3B031145B50B}.Debug|Any CPU.Build.0 = Debug|Any CPU
		{D3D11AFF-932E-4DB6-383F-3B031145B50B}.Release|Any CPU.ActiveCfg = Release|Any CPU
		{D3D11AFF-932E-4DB6-383F-3B031145B50B}.Release|Any CPU.Build.0 = Release|Any CPU
		{CFE24522-E69F-A9F5-BE5F-0C52A0F4A6EB}.Debug|Any CPU.ActiveCfg = Debug|Any CPU
		{CFE24522-E69F-A9F5-BE5F-0C52A0F4A6EB}.Debug|Any CPU.Build.0 = Debug|Any CPU
		{CFE24522-E69F-A9F5-BE5F-0C52A0F4A6EB}.Release|Any CPU.ActiveCfg = Release|Any CPU
		{CFE24522-E69F-A9F5-BE5F-0C52A0F4A6EB}.Release|Any CPU.Build.0 = Release|Any CPU
		{B982DCF3-69E2-3388-93EB-50B76A99ACDA}.Debug|Any CPU.ActiveCfg = Debug|Any CPU
		{B982DCF3-69E2-3388-93EB-50B76A99ACDA}.Debug|Any CPU.Build.0 = Debug|Any CPU
		{B982DCF3-69E2-3388-93EB-50B76A99ACDA}.Release|Any CPU.ActiveCfg = Release|Any CPU
		{B982DCF3-69E2-3388-93EB-50B76A99ACDA}.Release|Any CPU.Build.0 = Release|Any CPU
	EndGlobalSection
	GlobalSection(MonoDevelopProperties) = preSolution
		StartupItem = Assembly-CSharp.csproj
	EndGlobalSection
EndGlobal
